// !$*UTF8*$!
{
	archiveVersion = 1;
	classes = {
	};
	objectVersion = 46;
	objects = {

/* Begin PBXAggregateTarget section */
		181FFC8643A8400F95FDDF2B /* ZERO_CHECK */ = {
			isa = PBXAggregateTarget;
			buildConfigurationList = C93B859BA836450791E2747F /* Build configuration list for PBXAggregateTarget "ZERO_CHECK" */;
			buildPhases = (
				7CD41C300E884E1E83B3FFA9 /* CMake Rules */,
			);
			dependencies = (
			);
			name = ZERO_CHECK;
			productName = ZERO_CHECK;
		};
		F931287F92ED4E9C8D9D32CE /* ALL_BUILD */ = {
			isa = PBXAggregateTarget;
			buildConfigurationList = A14A52EF09E545179BAF381C /* Build configuration list for PBXAggregateTarget "ALL_BUILD" */;
			buildPhases = (
				9D0BEC063A4A44B782ECDB06 /* CMake Rules */,
			);
			dependencies = (
				436618A457E44D6388BC41F4 /* PBXTargetDependency */,
				E59342A4253C44A896F7E755 /* PBXTargetDependency */,
			);
			name = ALL_BUILD;
			productName = ALL_BUILD;
		};
/* End PBXAggregateTarget section */

/* Begin PBXBuildFile section */
		1CC9BDCC0B0D436198DFC513 /* /Users/ahmad/Dropbox/SDND/Term2/CarND-Unscented-Kalman-Filter-Project/CMakeLists.txt */ = {isa = PBXBuildFile; fileRef = C517A11A51C64E8C8E6B5653 /* /Users/ahmad/Dropbox/SDND/Term2/CarND-Unscented-Kalman-Filter-Project/CMakeLists.txt */; };
		21540DE218F94046AEF6D725 /* /Users/ahmad/Dropbox/SDND/Term2/CarND-Unscented-Kalman-Filter-Project/src/tools.cpp */ = {isa = PBXBuildFile; fileRef = 8F416646D06C4842A7FBD9C5 /* /Users/ahmad/Dropbox/SDND/Term2/CarND-Unscented-Kalman-Filter-Project/src/tools.cpp */; };
		450D567CC0B34042BF24EE50 /* /Users/ahmad/Dropbox/SDND/Term2/CarND-Unscented-Kalman-Filter-Project/src/tools.h */ = {isa = PBXBuildFile; fileRef = 500951F45B304082923BE664 /* /Users/ahmad/Dropbox/SDND/Term2/CarND-Unscented-Kalman-Filter-Project/src/tools.h */; };
		8D37078858F14E04BA6C9ED2 /* /Users/ahmad/Dropbox/SDND/Term2/CarND-Unscented-Kalman-Filter-Project/src/main.cpp */ = {isa = PBXBuildFile; fileRef = 72577A4E3701462893A747E7 /* /Users/ahmad/Dropbox/SDND/Term2/CarND-Unscented-Kalman-Filter-Project/src/main.cpp */; };
		ED0C1E21D7004282B5E2EBCB /* /Users/ahmad/Dropbox/SDND/Term2/CarND-Unscented-Kalman-Filter-Project/src/ukf.h */ = {isa = PBXBuildFile; fileRef = EAE353A4170244249F1CBAE6 /* /Users/ahmad/Dropbox/SDND/Term2/CarND-Unscented-Kalman-Filter-Project/src/ukf.h */; };
		F9D3A7C6B3CC4D208C5C56B1 /* /Users/ahmad/Dropbox/SDND/Term2/CarND-Unscented-Kalman-Filter-Project/src/ukf.cpp */ = {isa = PBXBuildFile; fileRef = C3CBF66F5A634543A1165DAD /* /Users/ahmad/Dropbox/SDND/Term2/CarND-Unscented-Kalman-Filter-Project/src/ukf.cpp */; };
/* End PBXBuildFile section */

/* Begin PBXBuildStyle section */
		3CB8D6B548D2436CA8183F7A /* RelWithDebInfo */ = {
			isa = PBXBuildStyle;
			buildSettings = {
				COPY_PHASE_STRIP = NO;
			};
			name = RelWithDebInfo;
		};
		6B7E975AE9634CA5A6FF3214 /* MinSizeRel */ = {
			isa = PBXBuildStyle;
			buildSettings = {
				COPY_PHASE_STRIP = NO;
			};
			name = MinSizeRel;
		};
		6D1B6EB9537843A1869BAB78 /* Release */ = {
			isa = PBXBuildStyle;
			buildSettings = {
				COPY_PHASE_STRIP = NO;
			};
			name = Release;
		};
		8B953ED4DF384194BDB6671B /* Debug */ = {
			isa = PBXBuildStyle;
			buildSettings = {
				COPY_PHASE_STRIP = NO;
			};
			name = Debug;
		};
/* End PBXBuildStyle section */

/* Begin PBXContainerItemProxy section */
		004CE85FF3484D67AF32D5DE /* PBXContainerItemProxy */ = {
			isa = PBXContainerItemProxy;
			containerPortal = 6DE6FA749B4B4FC4BA4FB690 /* Project object */;
			proxyType = 1;
			remoteGlobalIDString = 181FFC8643A8400F95FDDF2B;
			remoteInfo = ZERO_CHECK;
		};
		604EB629BEBE4EA785F96E88 /* PBXContainerItemProxy */ = {
			isa = PBXContainerItemProxy;
			containerPortal = 6DE6FA749B4B4FC4BA4FB690 /* Project object */;
			proxyType = 1;
			remoteGlobalIDString = 181FFC8643A8400F95FDDF2B;
			remoteInfo = ZERO_CHECK;
		};
		DC27FF06089241F9B7CB9C3A /* PBXContainerItemProxy */ = {
			isa = PBXContainerItemProxy;
			containerPortal = 6DE6FA749B4B4FC4BA4FB690 /* Project object */;
			proxyType = 1;
			remoteGlobalIDString = 998AFF206E244735BA90C1C0;
			remoteInfo = UnscentedKF;
		};
/* End PBXContainerItemProxy section */

/* Begin PBXFileReference section */
		26A8070A209947DEB2C5C609 /* /Users/ahmad/Dropbox/SDND/Term2/CarND-Unscented-Kalman-Filter-Project/CMakeLists.txt */ = {isa = PBXFileReference; explicitFileType = sourcecode.text; fileEncoding = 4; name = CMakeLists.txt; path = CMakeLists.txt; sourceTree = SOURCE_ROOT; };
		500951F45B304082923BE664 /* /Users/ahmad/Dropbox/SDND/Term2/CarND-Unscented-Kalman-Filter-Project/src/tools.h */ = {isa = PBXFileReference; explicitFileType = sourcecode.c.h; fileEncoding = 4; name = tools.h; path = src/tools.h; sourceTree = SOURCE_ROOT; };
		72577A4E3701462893A747E7 /* /Users/ahmad/Dropbox/SDND/Term2/CarND-Unscented-Kalman-Filter-Project/src/main.cpp */ = {isa = PBXFileReference; explicitFileType = sourcecode.cpp.cpp; fileEncoding = 4; name = main.cpp; path = src/main.cpp; sourceTree = SOURCE_ROOT; };
		8F416646D06C4842A7FBD9C5 /* /Users/ahmad/Dropbox/SDND/Term2/CarND-Unscented-Kalman-Filter-Project/src/tools.cpp */ = {isa = PBXFileReference; explicitFileType = sourcecode.cpp.cpp; fileEncoding = 4; name = tools.cpp; path = src/tools.cpp; sourceTree = SOURCE_ROOT; };
		A2D76F5EF62F4776BDE57B2E /* UnscentedKF */ = {isa = PBXFileReference; explicitFileType = "compiled.mach-o.executable"; path = UnscentedKF; sourceTree = BUILT_PRODUCTS_DIR; };
		A9C6F5C4EB1648EEBAC7C0AF /* /Users/ahmad/Dropbox/SDND/Term2/CarND-Unscented-Kalman-Filter-Project/CMakeLists.txt */ = {isa = PBXFileReference; explicitFileType = sourcecode.text; fileEncoding = 4; name = CMakeLists.txt; path = CMakeLists.txt; sourceTree = SOURCE_ROOT; };
		C3CBF66F5A634543A1165DAD /* /Users/ahmad/Dropbox/SDND/Term2/CarND-Unscented-Kalman-Filter-Project/src/ukf.cpp */ = {isa = PBXFileReference; explicitFileType = sourcecode.cpp.cpp; fileEncoding = 4; name = ukf.cpp; path = src/ukf.cpp; sourceTree = SOURCE_ROOT; };
		C517A11A51C64E8C8E6B5653 /* /Users/ahmad/Dropbox/SDND/Term2/CarND-Unscented-Kalman-Filter-Project/CMakeLists.txt */ = {isa = PBXFileReference; explicitFileType = sourcecode.text; fileEncoding = 4; name = CMakeLists.txt; path = CMakeLists.txt; sourceTree = SOURCE_ROOT; };
		EAE353A4170244249F1CBAE6 /* /Users/ahmad/Dropbox/SDND/Term2/CarND-Unscented-Kalman-Filter-Project/src/ukf.h */ = {isa = PBXFileReference; explicitFileType = sourcecode.c.h; fileEncoding = 4; name = ukf.h; path = src/ukf.h; sourceTree = SOURCE_ROOT; };
/* End PBXFileReference section */

/* Begin PBXGroup section */
		088AF7C95CD94C5CA84884AC /* ZERO_CHECK */ = {
			isa = PBXGroup;
			children = (
				6E8E117F69E44CDBAB56332C /* CMake Rules */,
				A9C6F5C4EB1648EEBAC7C0AF /* /Users/ahmad/Dropbox/SDND/Term2/CarND-Unscented-Kalman-Filter-Project/CMakeLists.txt */,
			);
			name = ZERO_CHECK;
			sourceTree = "<group>";
		};
		1D84057FAC6C4C4CA382CB34 /* Products */ = {
			isa = PBXGroup;
			children = (
				A2D76F5EF62F4776BDE57B2E /* UnscentedKF */,
			);
			name = Products;
			sourceTree = "<group>";
		};
		49EA4B2C9A4C447EA34CB879 /* CMake Rules */ = {
			isa = PBXGroup;
			children = (
			);
			name = "CMake Rules";
			sourceTree = "<group>";
		};
		5A3C52E7071240CF883AADCF = {
			isa = PBXGroup;
			children = (
				905F0B86C0A74C3F888DBF82 /* UnscentedKF */,
				BEBE07411A854B35AAEA0C51 /* ALL_BUILD */,
				088AF7C95CD94C5CA84884AC /* ZERO_CHECK */,
				1D84057FAC6C4C4CA382CB34 /* Products */,
			);
			sourceTree = "<group>";
		};
		6E8E117F69E44CDBAB56332C /* CMake Rules */ = {
			isa = PBXGroup;
			children = (
			);
			name = "CMake Rules";
			sourceTree = "<group>";
		};
		8CA91F4B47AC449D9B994F51 /* Source Files */ = {
			isa = PBXGroup;
			children = (
				72577A4E3701462893A747E7 /* /Users/ahmad/Dropbox/SDND/Term2/CarND-Unscented-Kalman-Filter-Project/src/main.cpp */,
				8F416646D06C4842A7FBD9C5 /* /Users/ahmad/Dropbox/SDND/Term2/CarND-Unscented-Kalman-Filter-Project/src/tools.cpp */,
				C3CBF66F5A634543A1165DAD /* /Users/ahmad/Dropbox/SDND/Term2/CarND-Unscented-Kalman-Filter-Project/src/ukf.cpp */,
			);
			name = "Source Files";
			sourceTree = "<group>";
		};
		905F0B86C0A74C3F888DBF82 /* UnscentedKF */ = {
			isa = PBXGroup;
			children = (
				8CA91F4B47AC449D9B994F51 /* Source Files */,
				E560F609B5A248EA8CAE1A10 /* Header Files */,
				C517A11A51C64E8C8E6B5653 /* /Users/ahmad/Dropbox/SDND/Term2/CarND-Unscented-Kalman-Filter-Project/CMakeLists.txt */,
			);
			name = UnscentedKF;
			sourceTree = "<group>";
		};
		BEBE07411A854B35AAEA0C51 /* ALL_BUILD */ = {
			isa = PBXGroup;
			children = (
				49EA4B2C9A4C447EA34CB879 /* CMake Rules */,
				26A8070A209947DEB2C5C609 /* /Users/ahmad/Dropbox/SDND/Term2/CarND-Unscented-Kalman-Filter-Project/CMakeLists.txt */,
			);
			name = ALL_BUILD;
			sourceTree = "<group>";
		};
		E560F609B5A248EA8CAE1A10 /* Header Files */ = {
			isa = PBXGroup;
			children = (
				500951F45B304082923BE664 /* /Users/ahmad/Dropbox/SDND/Term2/CarND-Unscented-Kalman-Filter-Project/src/tools.h */,
				EAE353A4170244249F1CBAE6 /* /Users/ahmad/Dropbox/SDND/Term2/CarND-Unscented-Kalman-Filter-Project/src/ukf.h */,
			);
			name = "Header Files";
			sourceTree = "<group>";
		};
/* End PBXGroup section */

/* Begin PBXNativeTarget section */
		998AFF206E244735BA90C1C0 /* UnscentedKF */ = {
			isa = PBXNativeTarget;
			buildConfigurationList = 89DDED2217F44023A6F1C1BE /* Build configuration list for PBXNativeTarget "UnscentedKF" */;
			buildPhases = (
				9910F270AFFF4593A2E050FB /* Sources */,
			);
			buildRules = (
			);
			dependencies = (
				74C1A02316F3485A96D139B4 /* PBXTargetDependency */,
			);
			name = UnscentedKF;
			productName = UnscentedKF;
			productReference = A2D76F5EF62F4776BDE57B2E /* UnscentedKF */;
			productType = "com.apple.product-type.tool";
		};
/* End PBXNativeTarget section */

/* Begin PBXProject section */
		6DE6FA749B4B4FC4BA4FB690 /* Project object */ = {
			isa = PBXProject;
			attributes = {
				BuildIndependentTargetsInParallel = YES;
				LastUpgradeCheck = 0900;
			};
			buildConfigurationList = E7B9CEB1B0394F8FBF0C70B7 /* Build configuration list for PBXProject "UnscentedKF" */;
			buildSettings = {
			};
			buildStyles = (
				8B953ED4DF384194BDB6671B /* Debug */,
				6D1B6EB9537843A1869BAB78 /* Release */,
				6B7E975AE9634CA5A6FF3214 /* MinSizeRel */,
				3CB8D6B548D2436CA8183F7A /* RelWithDebInfo */,
			);
			compatibilityVersion = "Xcode 3.2";
			hasScannedForEncodings = 0;
			mainGroup = 5A3C52E7071240CF883AADCF;
			projectDirPath = ../;
			projectRoot = "";
			targets = (
				F931287F92ED4E9C8D9D32CE /* ALL_BUILD */,
				998AFF206E244735BA90C1C0 /* UnscentedKF */,
				181FFC8643A8400F95FDDF2B /* ZERO_CHECK */,
			);
		};
/* End PBXProject section */

/* Begin PBXShellScriptBuildPhase section */
		7721F0FEC8034C5882300E8D = {
			isa = PBXShellScriptBuildPhase;
			buildActionMask = 2147483647;
			files = (
			);
			inputPaths = (
			);
			outputPaths = (
			);
			runOnlyForDeploymentPostprocessing = 0;
			shellPath = /bin/sh;
			shellScript = "# shell script goes here
exit 0";
			showEnvVarsInLog = 0;
		};
		7CD41C300E884E1E83B3FFA9 /* CMake Rules */ = {
			isa = PBXShellScriptBuildPhase;
			buildActionMask = 2147483647;
			files = (
			);
			name = "CMake Rules";
			runOnlyForDeploymentPostprocessing = 0;
			shellPath = /bin/sh;
			shellScript = "make -C /Users/ahmad/Dropbox/SDND/Term2/CarND-Unscented-Kalman-Filter-Project/xcode -f /Users/ahmad/Dropbox/SDND/Term2/CarND-Unscented-Kalman-Filter-Project/xcode/CMakeScripts/ZERO_CHECK_cmakeRulesBuildPhase.make$CONFIGURATION all";
			showEnvVarsInLog = 0;
		};
		9D0BEC063A4A44B782ECDB06 /* CMake Rules */ = {
			isa = PBXShellScriptBuildPhase;
			buildActionMask = 2147483647;
			files = (
			);
			name = "CMake Rules";
			runOnlyForDeploymentPostprocessing = 0;
			shellPath = /bin/sh;
			shellScript = "make -C /Users/ahmad/Dropbox/SDND/Term2/CarND-Unscented-Kalman-Filter-Project/xcode -f /Users/ahmad/Dropbox/SDND/Term2/CarND-Unscented-Kalman-Filter-Project/xcode/CMakeScripts/ALL_BUILD_cmakeRulesBuildPhase.make$CONFIGURATION all";
			showEnvVarsInLog = 0;
		};
		AF2904D2101E464BBD23C64B = {
			isa = PBXShellScriptBuildPhase;
			buildActionMask = 2147483647;
			files = (
			);
			inputPaths = (
			);
			outputPaths = (
			);
			runOnlyForDeploymentPostprocessing = 0;
			shellPath = /bin/sh;
			shellScript = "# shell script goes here
exit 0";
			showEnvVarsInLog = 0;
		};
/* End PBXShellScriptBuildPhase section */

/* Begin PBXSourcesBuildPhase section */
		9910F270AFFF4593A2E050FB /* Sources */ = {
			isa = PBXSourcesBuildPhase;
			buildActionMask = 2147483647;
			files = (
				8D37078858F14E04BA6C9ED2 /* /Users/ahmad/Dropbox/SDND/Term2/CarND-Unscented-Kalman-Filter-Project/src/main.cpp */,
				21540DE218F94046AEF6D725 /* /Users/ahmad/Dropbox/SDND/Term2/CarND-Unscented-Kalman-Filter-Project/src/tools.cpp */,
				F9D3A7C6B3CC4D208C5C56B1 /* /Users/ahmad/Dropbox/SDND/Term2/CarND-Unscented-Kalman-Filter-Project/src/ukf.cpp */,
			);
			runOnlyForDeploymentPostprocessing = 0;
		};
/* End PBXSourcesBuildPhase section */

/* Begin PBXTargetDependency section */
		436618A457E44D6388BC41F4 /* PBXTargetDependency */ = {
			isa = PBXTargetDependency;
			target = 181FFC8643A8400F95FDDF2B /* ZERO_CHECK */;
			targetProxy = 604EB629BEBE4EA785F96E88 /* PBXContainerItemProxy */;
		};
		74C1A02316F3485A96D139B4 /* PBXTargetDependency */ = {
			isa = PBXTargetDependency;
			target = 181FFC8643A8400F95FDDF2B /* ZERO_CHECK */;
			targetProxy = 004CE85FF3484D67AF32D5DE /* PBXContainerItemProxy */;
		};
		E59342A4253C44A896F7E755 /* PBXTargetDependency */ = {
			isa = PBXTargetDependency;
			target = 998AFF206E244735BA90C1C0 /* UnscentedKF */;
			targetProxy = DC27FF06089241F9B7CB9C3A /* PBXContainerItemProxy */;
		};
/* End PBXTargetDependency section */

/* Begin XCBuildConfiguration section */
		17C118F63D7A41D4B94D9EC5 /* MinSizeRel */ = {
			isa = XCBuildConfiguration;
			buildSettings = {
				COMBINE_HIDPI_IMAGES = YES;
				GCC_GENERATE_DEBUGGING_SYMBOLS = YES;
				GCC_INLINES_ARE_PRIVATE_EXTERN = NO;
				GCC_OPTIMIZATION_LEVEL = 0;
				GCC_PREPROCESSOR_DEFINITIONS = ("'CMAKE_INTDIR=\"$(CONFIGURATION)$(EFFECTIVE_PLATFORM_NAME)\"'");
				GCC_SYMBOLS_PRIVATE_EXTERN = NO;
				HEADER_SEARCH_PATHS = (/usr/local/include,/usr/local/opt/openssl/include);
				INSTALL_PATH = "";
				OTHER_LDFLAGS = " ";
				OTHER_REZFLAGS = "";
				PRODUCT_NAME = ALL_BUILD;
				SECTORDER_FLAGS = "";
				SYMROOT = "/Users/ahmad/Dropbox/SDND/Term2/CarND-Unscented-Kalman-Filter-Project/xcode";
				USE_HEADERMAP = NO;
				WARNING_CFLAGS = ("-Wmost","-Wno-four-char-constants","-Wno-unknown-pragmas","$(inherited)");
			};
			name = MinSizeRel;
		};
		199808DFB09C46239435832B /* Release */ = {
			isa = XCBuildConfiguration;
			buildSettings = {
				COMBINE_HIDPI_IMAGES = YES;
				EXECUTABLE_PREFIX = "";
				EXECUTABLE_SUFFIX = "";
				GCC_GENERATE_DEBUGGING_SYMBOLS = NO;
				GCC_INLINES_ARE_PRIVATE_EXTERN = NO;
				GCC_OPTIMIZATION_LEVEL = 3;
				GCC_PREPROCESSOR_DEFINITIONS = ("'CMAKE_INTDIR=\"$(CONFIGURATION)$(EFFECTIVE_PLATFORM_NAME)\"'");
				GCC_SYMBOLS_PRIVATE_EXTERN = NO;
				HEADER_SEARCH_PATHS = (/usr/local/include,/usr/local/opt/openssl/include);
				INSTALL_PATH = "";
				LD_RUNPATH_SEARCH_PATHS = "/usr/local/lib /usr/local/opt/openssl/lib /usr/local/Cellar/libuv/1.11.0/lib";
				LIBRARY_SEARCH_PATHS = " /usr/local/lib/$(CONFIGURATION)$(EFFECTIVE_PLATFORM_NAME) /usr/local/lib /usr/local/opt/openssl/lib/$(CONFIGURATION)$(EFFECTIVE_PLATFORM_NAME) /usr/local/opt/openssl/lib /usr/local/Cellar/libuv/1.11.0/lib/$(CONFIGURATION)$(EFFECTIVE_PLATFORM_NAME) /usr/local/Cellar/libuv/1.11.0/lib";
				OTHER_CPLUSPLUSFLAGS = "    -DNDEBUG   -std=c++11";
				OTHER_LDFLAGS = " -Wl,-search_paths_first -Wl,-headerpad_max_install_names  -lz -lssl -luv -luWS";
				OTHER_REZFLAGS = "";
				PRODUCT_NAME = UnscentedKF;
				SECTORDER_FLAGS = "";
				SYMROOT = "/Users/ahmad/Dropbox/SDND/Term2/CarND-Unscented-Kalman-Filter-Project/xcode";
				USE_HEADERMAP = NO;
				WARNING_CFLAGS = ("-Wmost","-Wno-four-char-constants","-Wno-unknown-pragmas","$(inherited)");
			};
			name = Release;
		};
		227F8A1587CA40A1A9A3F90F /* Debug */ = {
			isa = XCBuildConfiguration;
			buildSettings = {
				COMBINE_HIDPI_IMAGES = YES;
				GCC_GENERATE_DEBUGGING_SYMBOLS = YES;
				GCC_INLINES_ARE_PRIVATE_EXTERN = NO;
				GCC_OPTIMIZATION_LEVEL = 0;
				GCC_PREPROCESSOR_DEFINITIONS = ("'CMAKE_INTDIR=\"$(CONFIGURATION)$(EFFECTIVE_PLATFORM_NAME)\"'");
				GCC_SYMBOLS_PRIVATE_EXTERN = NO;
				HEADER_SEARCH_PATHS = (/usr/local/include,/usr/local/opt/openssl/include);
				INSTALL_PATH = "";
				OTHER_LDFLAGS = " ";
				OTHER_REZFLAGS = "";
				PRODUCT_NAME = ALL_BUILD;
				SECTORDER_FLAGS = "";
				SYMROOT = "/Users/ahmad/Dropbox/SDND/Term2/CarND-Unscented-Kalman-Filter-Project/xcode";
				USE_HEADERMAP = NO;
				WARNING_CFLAGS = ("-Wmost","-Wno-four-char-constants","-Wno-unknown-pragmas","$(inherited)");
			};
			name = Debug;
		};
		3C544B601E574B6E8EF243E7 /* MinSizeRel */ = {
			isa = XCBuildConfiguration;
			buildSettings = {
				MACOSX_DEPLOYMENT_TARGET = 10.12;
				ONLY_ACTIVE_ARCH = YES;
				SDKROOT = /Applications/Xcode.app/Contents/Developer/Platforms/MacOSX.platform/Developer/SDKs/MacOSX10.13.sdk;
				SYMROOT = "/Users/ahmad/Dropbox/SDND/Term2/CarND-Unscented-Kalman-Filter-Project/xcode/build";
			};
			name = MinSizeRel;
		};
		46E3B19149A444CF87FB92CD /* RelWithDebInfo */ = {
			isa = XCBuildConfiguration;
			buildSettings = {
				MACOSX_DEPLOYMENT_TARGET = 10.12;
				ONLY_ACTIVE_ARCH = YES;
				SDKROOT = /Applications/Xcode.app/Contents/Developer/Platforms/MacOSX.platform/Developer/SDKs/MacOSX10.13.sdk;
				SYMROOT = "/Users/ahmad/Dropbox/SDND/Term2/CarND-Unscented-Kalman-Filter-Project/xcode/build";
			};
			name = RelWithDebInfo;
		};
		53F865444D0E4889A3FD1AE4 /* Debug */ = {
			isa = XCBuildConfiguration;
			buildSettings = {
				COMBINE_HIDPI_IMAGES = YES;
				EXECUTABLE_PREFIX = "";
				EXECUTABLE_SUFFIX = "";
				GCC_GENERATE_DEBUGGING_SYMBOLS = YES;
				GCC_INLINES_ARE_PRIVATE_EXTERN = NO;
				GCC_OPTIMIZATION_LEVEL = 0;
				GCC_PREPROCESSOR_DEFINITIONS = ("'CMAKE_INTDIR=\"$(CONFIGURATION)$(EFFECTIVE_PLATFORM_NAME)\"'");
				GCC_SYMBOLS_PRIVATE_EXTERN = NO;
				HEADER_SEARCH_PATHS = (/usr/local/include,/usr/local/opt/openssl/include);
				INSTALL_PATH = "";
				LD_RUNPATH_SEARCH_PATHS = "/usr/local/lib /usr/local/opt/openssl/lib /usr/local/Cellar/libuv/1.11.0/lib";
				LIBRARY_SEARCH_PATHS = " /usr/local/lib/$(CONFIGURATION)$(EFFECTIVE_PLATFORM_NAME) /usr/local/lib /usr/local/opt/openssl/lib/$(CONFIGURATION)$(EFFECTIVE_PLATFORM_NAME) /usr/local/opt/openssl/lib /usr/local/Cellar/libuv/1.11.0/lib/$(CONFIGURATION)$(EFFECTIVE_PLATFORM_NAME) /usr/local/Cellar/libuv/1.11.0/lib";
				OTHER_CPLUSPLUSFLAGS = "     -std=c++11";
				OTHER_LDFLAGS = " -Wl,-search_paths_first -Wl,-headerpad_max_install_names  -lz -lssl -luv -luWS";
				OTHER_REZFLAGS = "";
				PRODUCT_NAME = UnscentedKF;
				SECTORDER_FLAGS = "";
				SYMROOT = "/Users/ahmad/Dropbox/SDND/Term2/CarND-Unscented-Kalman-Filter-Project/xcode";
				USE_HEADERMAP = NO;
				WARNING_CFLAGS = ("-Wmost","-Wno-four-char-constants","-Wno-unknown-pragmas","$(inherited)");
			};
			name = Debug;
		};
		60BDD8DF7D8C4C85B0215533 /* Release */ = {
			isa = XCBuildConfiguration;
			buildSettings = {
				COMBINE_HIDPI_IMAGES = YES;
				GCC_GENERATE_DEBUGGING_SYMBOLS = YES;
				GCC_INLINES_ARE_PRIVATE_EXTERN = NO;
				GCC_OPTIMIZATION_LEVEL = 0;
				GCC_PREPROCESSOR_DEFINITIONS = ("'CMAKE_INTDIR=\"$(CONFIGURATION)$(EFFECTIVE_PLATFORM_NAME)\"'");
				GCC_SYMBOLS_PRIVATE_EXTERN = NO;
				HEADER_SEARCH_PATHS = (/usr/local/include,/usr/local/opt/openssl/include);
				INSTALL_PATH = "";
				OTHER_LDFLAGS = " ";
				OTHER_REZFLAGS = "";
				PRODUCT_NAME = ALL_BUILD;
				SECTORDER_FLAGS = "";
				SYMROOT = "/Users/ahmad/Dropbox/SDND/Term2/CarND-Unscented-Kalman-Filter-Project/xcode";
				USE_HEADERMAP = NO;
				WARNING_CFLAGS = ("-Wmost","-Wno-four-char-constants","-Wno-unknown-pragmas","$(inherited)");
			};
			name = Release;
		};
		9018F599E65B4409B1654395 /* MinSizeRel */ = {
			isa = XCBuildConfiguration;
			buildSettings = {
				COMBINE_HIDPI_IMAGES = YES;
				EXECUTABLE_PREFIX = "";
				EXECUTABLE_SUFFIX = "";
				GCC_GENERATE_DEBUGGING_SYMBOLS = NO;
				GCC_INLINES_ARE_PRIVATE_EXTERN = NO;
				GCC_OPTIMIZATION_LEVEL = s;
				GCC_PREPROCESSOR_DEFINITIONS = ("'CMAKE_INTDIR=\"$(CONFIGURATION)$(EFFECTIVE_PLATFORM_NAME)\"'");
				GCC_SYMBOLS_PRIVATE_EXTERN = NO;
				HEADER_SEARCH_PATHS = (/usr/local/include,/usr/local/opt/openssl/include);
				INSTALL_PATH = "";
				LD_RUNPATH_SEARCH_PATHS = "/usr/local/lib /usr/local/opt/openssl/lib /usr/local/Cellar/libuv/1.11.0/lib";
				LIBRARY_SEARCH_PATHS = " /usr/local/lib/$(CONFIGURATION)$(EFFECTIVE_PLATFORM_NAME) /usr/local/lib /usr/local/opt/openssl/lib/$(CONFIGURATION)$(EFFECTIVE_PLATFORM_NAME) /usr/local/opt/openssl/lib /usr/local/Cellar/libuv/1.11.0/lib/$(CONFIGURATION)$(EFFECTIVE_PLATFORM_NAME) /usr/local/Cellar/libuv/1.11.0/lib";
				OTHER_CPLUSPLUSFLAGS = "    -DNDEBUG   -std=c++11";
				OTHER_LDFLAGS = " -Wl,-search_paths_first -Wl,-headerpad_max_install_names  -lz -lssl -luv -luWS";
				OTHER_REZFLAGS = "";
				PRODUCT_NAME = UnscentedKF;
				SECTORDER_FLAGS = "";
				SYMROOT = "/Users/ahmad/Dropbox/SDND/Term2/CarND-Unscented-Kalman-Filter-Project/xcode";
				USE_HEADERMAP = NO;
				WARNING_CFLAGS = ("-Wmost","-Wno-four-char-constants","-Wno-unknown-pragmas","$(inherited)");
			};
			name = MinSizeRel;
		};
		9A1FC8039C9B4A5AA1E31A1B /* MinSizeRel */ = {
			isa = XCBuildConfiguration;
			buildSettings = {
				COMBINE_HIDPI_IMAGES = YES;
				GCC_GENERATE_DEBUGGING_SYMBOLS = YES;
				GCC_INLINES_ARE_PRIVATE_EXTERN = NO;
				GCC_OPTIMIZATION_LEVEL = 0;
				GCC_PREPROCESSOR_DEFINITIONS = ("'CMAKE_INTDIR=\"$(CONFIGURATION)$(EFFECTIVE_PLATFORM_NAME)\"'");
				GCC_SYMBOLS_PRIVATE_EXTERN = NO;
				HEADER_SEARCH_PATHS = (/usr/local/include,/usr/local/opt/openssl/include);
				INSTALL_PATH = "";
				OTHER_LDFLAGS = " ";
				OTHER_REZFLAGS = "";
				PRODUCT_NAME = ZERO_CHECK;
				SECTORDER_FLAGS = "";
				SYMROOT = "/Users/ahmad/Dropbox/SDND/Term2/CarND-Unscented-Kalman-Filter-Project/xcode";
				USE_HEADERMAP = NO;
				WARNING_CFLAGS = ("-Wmost","-Wno-four-char-constants","-Wno-unknown-pragmas","$(inherited)");
			};
			name = MinSizeRel;
		};
		AE964773C3E14621BE9F6FE0 /* RelWithDebInfo */ = {
			isa = XCBuildConfiguration;
			buildSettings = {
				COMBINE_HIDPI_IMAGES = YES;
				GCC_GENERATE_DEBUGGING_SYMBOLS = YES;
				GCC_INLINES_ARE_PRIVATE_EXTERN = NO;
				GCC_OPTIMIZATION_LEVEL = 0;
				GCC_PREPROCESSOR_DEFINITIONS = ("'CMAKE_INTDIR=\"$(CONFIGURATION)$(EFFECTIVE_PLATFORM_NAME)\"'");
				GCC_SYMBOLS_PRIVATE_EXTERN = NO;
				HEADER_SEARCH_PATHS = (/usr/local/include,/usr/local/opt/openssl/include);
				INSTALL_PATH = "";
				OTHER_LDFLAGS = " ";
				OTHER_REZFLAGS = "";
				PRODUCT_NAME = ALL_BUILD;
				SECTORDER_FLAGS = "";
				SYMROOT = "/Users/ahmad/Dropbox/SDND/Term2/CarND-Unscented-Kalman-Filter-Project/xcode";
				USE_HEADERMAP = NO;
				WARNING_CFLAGS = ("-Wmost","-Wno-four-char-constants","-Wno-unknown-pragmas","$(inherited)");
			};
			name = RelWithDebInfo;
		};
		B338EF97D5DB422F82E982A2 /* RelWithDebInfo */ = {
			isa = XCBuildConfiguration;
			buildSettings = {
				COMBINE_HIDPI_IMAGES = YES;
				EXECUTABLE_PREFIX = "";
				EXECUTABLE_SUFFIX = "";
				GCC_GENERATE_DEBUGGING_SYMBOLS = YES;
				GCC_INLINES_ARE_PRIVATE_EXTERN = NO;
				GCC_OPTIMIZATION_LEVEL = 2;
				GCC_PREPROCESSOR_DEFINITIONS = ("'CMAKE_INTDIR=\"$(CONFIGURATION)$(EFFECTIVE_PLATFORM_NAME)\"'");
				GCC_SYMBOLS_PRIVATE_EXTERN = NO;
				HEADER_SEARCH_PATHS = (/usr/local/include,/usr/local/opt/openssl/include);
				INSTALL_PATH = "";
				LD_RUNPATH_SEARCH_PATHS = "/usr/local/lib /usr/local/opt/openssl/lib /usr/local/Cellar/libuv/1.11.0/lib";
				LIBRARY_SEARCH_PATHS = " /usr/local/lib/$(CONFIGURATION)$(EFFECTIVE_PLATFORM_NAME) /usr/local/lib /usr/local/opt/openssl/lib/$(CONFIGURATION)$(EFFECTIVE_PLATFORM_NAME) /usr/local/opt/openssl/lib /usr/local/Cellar/libuv/1.11.0/lib/$(CONFIGURATION)$(EFFECTIVE_PLATFORM_NAME) /usr/local/Cellar/libuv/1.11.0/lib";
				OTHER_CPLUSPLUSFLAGS = "       -DNDEBUG   -std=c++11";
				OTHER_LDFLAGS = " -Wl,-search_paths_first -Wl,-headerpad_max_install_names  -lz -lssl -luv -luWS";
				OTHER_REZFLAGS = "";
				PRODUCT_NAME = UnscentedKF;
				SECTORDER_FLAGS = "";
				SYMROOT = "/Users/ahmad/Dropbox/SDND/Term2/CarND-Unscented-Kalman-Filter-Project/xcode";
				USE_HEADERMAP = NO;
				WARNING_CFLAGS = ("-Wmost","-Wno-four-char-constants","-Wno-unknown-pragmas","$(inherited)");
			};
			name = RelWithDebInfo;
		};
		BF34EC742190451EA4B75F6D /* Debug */ = {
			isa = XCBuildConfiguration;
			buildSettings = {
				COMBINE_HIDPI_IMAGES = YES;
				GCC_GENERATE_DEBUGGING_SYMBOLS = YES;
				GCC_INLINES_ARE_PRIVATE_EXTERN = NO;
				GCC_OPTIMIZATION_LEVEL = 0;
				GCC_PREPROCESSOR_DEFINITIONS = ("'CMAKE_INTDIR=\"$(CONFIGURATION)$(EFFECTIVE_PLATFORM_NAME)\"'");
				GCC_SYMBOLS_PRIVATE_EXTERN = NO;
				HEADER_SEARCH_PATHS = (/usr/local/include,/usr/local/opt/openssl/include);
				INSTALL_PATH = "";
				OTHER_LDFLAGS = " ";
				OTHER_REZFLAGS = "";
				PRODUCT_NAME = ZERO_CHECK;
				SECTORDER_FLAGS = "";
				SYMROOT = "/Users/ahmad/Dropbox/SDND/Term2/CarND-Unscented-Kalman-Filter-Project/xcode";
				USE_HEADERMAP = NO;
				WARNING_CFLAGS = ("-Wmost","-Wno-four-char-constants","-Wno-unknown-pragmas","$(inherited)");
			};
			name = Debug;
		};
		C652D5BE7302426590F48538 /* Debug */ = {
			isa = XCBuildConfiguration;
			buildSettings = {
				MACOSX_DEPLOYMENT_TARGET = 10.12;
				ONLY_ACTIVE_ARCH = YES;
				SDKROOT = /Applications/Xcode.app/Contents/Developer/Platforms/MacOSX.platform/Developer/SDKs/MacOSX10.13.sdk;
				SYMROOT = "/Users/ahmad/Dropbox/SDND/Term2/CarND-Unscented-Kalman-Filter-Project/xcode/build";
			};
			name = Debug;
		};
		D8213F65D3EB45A4A48C863A /* Release */ = {
			isa = XCBuildConfiguration;
			buildSettings = {
				MACOSX_DEPLOYMENT_TARGET = 10.12;
				ONLY_ACTIVE_ARCH = YES;
				SDKROOT = /Applications/Xcode.app/Contents/Developer/Platforms/MacOSX.platform/Developer/SDKs/MacOSX10.13.sdk;
				SYMROOT = "/Users/ahmad/Dropbox/SDND/Term2/CarND-Unscented-Kalman-Filter-Project/xcode/build";
			};
			name = Release;
		};
		E4E94D49032F40A7921B327E /* Release */ = {
			isa = XCBuildConfiguration;
			buildSettings = {
				COMBINE_HIDPI_IMAGES = YES;
				GCC_GENERATE_DEBUGGING_SYMBOLS = YES;
				GCC_INLINES_ARE_PRIVATE_EXTERN = NO;
				GCC_OPTIMIZATION_LEVEL = 0;
				GCC_PREPROCESSOR_DEFINITIONS = ("'CMAKE_INTDIR=\"$(CONFIGURATION)$(EFFECTIVE_PLATFORM_NAME)\"'");
				GCC_SYMBOLS_PRIVATE_EXTERN = NO;
				HEADER_SEARCH_PATHS = (/usr/local/include,/usr/local/opt/openssl/include);
				INSTALL_PATH = "";
				OTHER_LDFLAGS = " ";
				OTHER_REZFLAGS = "";
				PRODUCT_NAME = ZERO_CHECK;
				SECTORDER_FLAGS = "";
				SYMROOT = "/Users/ahmad/Dropbox/SDND/Term2/CarND-Unscented-Kalman-Filter-Project/xcode";
				USE_HEADERMAP = NO;
				WARNING_CFLAGS = ("-Wmost","-Wno-four-char-constants","-Wno-unknown-pragmas","$(inherited)");
			};
			name = Release;
		};
		F0162729EB2C4E6B90CB6E90 /* RelWithDebInfo */ = {
			isa = XCBuildConfiguration;
			buildSettings = {
				COMBINE_HIDPI_IMAGES = YES;
				GCC_GENERATE_DEBUGGING_SYMBOLS = YES;
				GCC_INLINES_ARE_PRIVATE_EXTERN = NO;
				GCC_OPTIMIZATION_LEVEL = 0;
				GCC_PREPROCESSOR_DEFINITIONS = ("'CMAKE_INTDIR=\"$(CONFIGURATION)$(EFFECTIVE_PLATFORM_NAME)\"'");
				GCC_SYMBOLS_PRIVATE_EXTERN = NO;
				HEADER_SEARCH_PATHS = (/usr/local/include,/usr/local/opt/openssl/include);
				INSTALL_PATH = "";
				OTHER_LDFLAGS = " ";
				OTHER_REZFLAGS = "";
				PRODUCT_NAME = ZERO_CHECK;
				SECTORDER_FLAGS = "";
				SYMROOT = "/Users/ahmad/Dropbox/SDND/Term2/CarND-Unscented-Kalman-Filter-Project/xcode";
				USE_HEADERMAP = NO;
				WARNING_CFLAGS = ("-Wmost","-Wno-four-char-constants","-Wno-unknown-pragmas","$(inherited)");
			};
			name = RelWithDebInfo;
		};
/* End XCBuildConfiguration section */

/* Begin XCConfigurationList section */
		89DDED2217F44023A6F1C1BE /* Build configuration list for PBXNativeTarget "UnscentedKF" */ = {
			isa = XCConfigurationList;
			buildConfigurations = (
				53F865444D0E4889A3FD1AE4 /* Debug */,
				199808DFB09C46239435832B /* Release */,
				9018F599E65B4409B1654395 /* MinSizeRel */,
				B338EF97D5DB422F82E982A2 /* RelWithDebInfo */,
			);
			defaultConfigurationIsVisible = 0;
			defaultConfigurationName = Debug;
		};
		A14A52EF09E545179BAF381C /* Build configuration list for PBXAggregateTarget "ALL_BUILD" */ = {
			isa = XCConfigurationList;
			buildConfigurations = (
				227F8A1587CA40A1A9A3F90F /* Debug */,
				60BDD8DF7D8C4C85B0215533 /* Release */,
				17C118F63D7A41D4B94D9EC5 /* MinSizeRel */,
				AE964773C3E14621BE9F6FE0 /* RelWithDebInfo */,
			);
			defaultConfigurationIsVisible = 0;
			defaultConfigurationName = Debug;
		};
		C93B859BA836450791E2747F /* Build configuration list for PBXAggregateTarget "ZERO_CHECK" */ = {
			isa = XCConfigurationList;
			buildConfigurations = (
				BF34EC742190451EA4B75F6D /* Debug */,
				E4E94D49032F40A7921B327E /* Release */,
				9A1FC8039C9B4A5AA1E31A1B /* MinSizeRel */,
				F0162729EB2C4E6B90CB6E90 /* RelWithDebInfo */,
			);
			defaultConfigurationIsVisible = 0;
			defaultConfigurationName = Debug;
		};
		E7B9CEB1B0394F8FBF0C70B7 /* Build configuration list for PBXProject "UnscentedKF" */ = {
			isa = XCConfigurationList;
			buildConfigurations = (
				C652D5BE7302426590F48538 /* Debug */,
				D8213F65D3EB45A4A48C863A /* Release */,
				3C544B601E574B6E8EF243E7 /* MinSizeRel */,
				46E3B19149A444CF87FB92CD /* RelWithDebInfo */,
			);
			defaultConfigurationIsVisible = 0;
			defaultConfigurationName = Debug;
		};
/* End XCConfigurationList section */
	};
	rootObject = 6DE6FA749B4B4FC4BA4FB690 /* Project object */;
}
